PODS:
  - Mikoto (0.1.1):
    - Mikoto/Core (= 0.1.1)
  - Mikoto/Core (0.1.1):
    - SVProgressHUD (~> 2.2.5)
    - Toast (~> 4.0.0)
  - SVProgressHUD (2.2.5)
  - Toast (4.0.0)

DEPENDENCIES:
  - Mikoto (from `../`)

SPEC REPOS:
  https://github.com/cocoapods/specs.git:
    - SVProgressHUD
    - Toast

EXTERNAL SOURCES:
  Mikoto:
    :path: "../"

SPEC CHECKSUMS:
  Mikoto: 548c6dad0cca057989402331f2a0f7c9c266462b
  SVProgressHUD: 1428aafac632c1f86f62aa4243ec12008d7a51d6
  Toast: 91b396c56ee72a5790816f40d3a94dd357abc196

PODFILE CHECKSUM: 5e425f75c96ca3e41169f457ad3fa9ef7633661f

COCOAPODS: 1.5.3
