PODS:
  - CryptoSwift (0.11.0)
  - Mikoto (0.3.3):
    - Mikoto/Core (= 0.3.3)
  - Mikoto/Core (0.3.3):
    - SVProgressHUD (~> 2.2.5)
    - Toast (~> 4.0.0)
  - Mikoto/Encrypt (0.3.3):
    - CryptoSwift (~> 0.11.0)
  - SVProgressHUD (2.2.5)
  - Toast (4.0.0)

DEPENDENCIES:
  - Mikoto (from `../`)
  - Mikoto/Encrypt (from `../`)

SPEC REPOS:
  https://github.com/cocoapods/specs.git:
    - CryptoSwift
    - SVProgressHUD
    - Toast

EXTERNAL SOURCES:
  Mikoto:
    :path: "../"

SPEC CHECKSUMS:
  CryptoSwift: ad5208dd2aae0a764ea4ce2c2d34bd067cae67f0
  Mikoto: 4e080c0d7d01b0fde512c0878a6e10ef395a0acd
  SVProgressHUD: 1428aafac632c1f86f62aa4243ec12008d7a51d6
  Toast: 91b396c56ee72a5790816f40d3a94dd357abc196

PODFILE CHECKSUM: 9e1a7186992f60bded6fd15bd3347ac4a1c68d7b

COCOAPODS: 1.5.3
